# THIS IS AN AUTOGENERATED FILE. DO NOT EDIT THIS FILE DIRECTLY.
# yarn lockfile v1


framesync@^3.0.2, framesync@^3.1.7:
  version "3.1.7"
  resolved "https://registry.yarnpkg.com/framesync/-/framesync-3.1.7.tgz#9b9aa3eff8598625302597851a428f40c3dc1c6b"

popmotion@^8.1.22:
  version "8.1.22"
  resolved "https://registry.yarnpkg.com/popmotion/-/popmotion-8.1.22.tgz#71857484546ae5b7335b0704423a3a761de1fe67"
  dependencies:
    framesync "^3.1.7"
    style-value-types "^1.0.4"
    stylefire "^1.2.9"

style-value-types@^1.0.4:
  version "1.0.4"
  resolved "https://registry.yarnpkg.com/style-value-types/-/style-value-types-1.0.4.tgz#58df3a09281d719d981ee4a317addc434eecc877"

stylefire@^1.2.9:
  version "1.2.9"
  resolved "https://registry.yarnpkg.com/stylefire/-/stylefire-1.2.9.tgz#957f6ce8382cb41b14568303b6078e956df1baac"
  dependencies:
    framesync "^3.0.2"
    style-value-types "^1.0.4"
